
Microsoft Visual Studio Solution File, Format Version 12.00
# Visual Studio Version 17
VisualStudioVersion = 17.3.32922.545
MinimumVisualStudioVersion = 10.0.40219.1
Project("{9A19103F-16F7-4668-BE54-9A1E7A4F7556}") = "ChatConnect", "ChatConnect\ChatConnect.csproj", "{7A95C3D9-174C-45B8-BA5D-E289865348FD}"
EndProject
Project("{9A19103F-16F7-4668-BE54-9A1E7A4F7556}") = "Interfaces", "Interfaces\Interfaces.csproj", "{9EA01987-7F2F-4E01-94C8-74089F8C5C85}"
EndProject
Project("{9A19103F-16F7-4668-BE54-9A1E7A4F7556}") = "Services", "Services\Services.csproj", "{496E0FE3-F80B-4D35-BBFE-8E82154D7442}"
EndProject
Project("{9A19103F-16F7-4668-BE54-9A1E7A4F7556}") = "Models", "Models\Models.csproj", "{272F031D-149B-4DA2-8FD6-1E6156ECB260}"
EndProject
Project("{9A19103F-16F7-4668-BE54-9A1E7A4F7556}") = "Controllers", "Controllers\Controllers.csproj", "{CF6836CD-B85D-4754-A8E8-20B2CDAD6F81}"
EndProject
Project("{FAE04EC0-301F-11D3-BF4B-00C04F79EFBC}") = "ChatNetApplication", "ChatNetApplication\ChatNetApplication.csproj", "{B13D4DDA-35C9-4ED5-884A-AE3101533BA2}"
EndProject
Global
	GlobalSection(SolutionConfigurationPlatforms) = preSolution
		Debug|Any CPU = Debug|Any CPU
		Release|Any CPU = Release|Any CPU
	EndGlobalSection
	GlobalSection(ProjectConfigurationPlatforms) = postSolution
		{7A95C3D9-174C-45B8-BA5D-E289865348FD}.Debug|Any CPU.ActiveCfg = Debug|Any CPU
		{7A95C3D9-174C-45B8-BA5D-E289865348FD}.Debug|Any CPU.Build.0 = Debug|Any CPU
		{7A95C3D9-174C-45B8-BA5D-E289865348FD}.Release|Any CPU.ActiveCfg = Release|Any CPU
		{7A95C3D9-174C-45B8-BA5D-E289865348FD}.Release|Any CPU.Build.0 = Release|Any CPU
		{9EA01987-7F2F-4E01-94C8-74089F8C5C85}.Debug|Any CPU.ActiveCfg = Debug|Any CPU
		{9EA01987-7F2F-4E01-94C8-74089F8C5C85}.Debug|Any CPU.Build.0 = Debug|Any CPU
		{9EA01987-7F2F-4E01-94C8-74089F8C5C85}.Release|Any CPU.ActiveCfg = Release|Any CPU
		{9EA01987-7F2F-4E01-94C8-74089F8C5C85}.Release|Any CPU.Build.0 = Release|Any CPU
		{496E0FE3-F80B-4D35-BBFE-8E82154D7442}.Debug|Any CPU.ActiveCfg = Debug|Any CPU
		{496E0FE3-F80B-4D35-BBFE-8E82154D7442}.Debug|Any CPU.Build.0 = Debug|Any CPU
		{496E0FE3-F80B-4D35-BBFE-8E82154D7442}.Release|Any CPU.ActiveCfg = Release|Any CPU
		{496E0FE3-F80B-4D35-BBFE-8E82154D7442}.Release|Any CPU.Build.0 = Release|Any CPU
		{272F031D-149B-4DA2-8FD6-1E6156ECB260}.Debug|Any CPU.ActiveCfg = Debug|Any CPU
		{272F031D-149B-4DA2-8FD6-1E6156ECB260}.Debug|Any CPU.Build.0 = Debug|Any CPU
		{272F031D-149B-4DA2-8FD6-1E6156ECB260}.Release|Any CPU.ActiveCfg = Release|Any CPU
		{272F031D-149B-4DA2-8FD6-1E6156ECB260}.Release|Any CPU.Build.0 = Release|Any CPU
		{CF6836CD-B85D-4754-A8E8-20B2CDAD6F81}.Debug|Any CPU.ActiveCfg = Debug|Any CPU
		{CF6836CD-B85D-4754-A8E8-20B2CDAD6F81}.Debug|Any CPU.Build.0 = Debug|Any CPU
		{CF6836CD-B85D-4754-A8E8-20B2CDAD6F81}.Release|Any CPU.ActiveCfg = Release|Any CPU
		{CF6836CD-B85D-4754-A8E8-20B2CDAD6F81}.Release|Any CPU.Build.0 = Release|Any CPU
		{B13D4DDA-35C9-4ED5-884A-AE3101533BA2}.Debug|Any CPU.ActiveCfg = Debug|Any CPU
		{B13D4DDA-35C9-4ED5-884A-AE3101533BA2}.Debug|Any CPU.Build.0 = Debug|Any CPU
		{B13D4DDA-35C9-4ED5-884A-AE3101533BA2}.Release|Any CPU.ActiveCfg = Release|Any CPU
		{B13D4DDA-35C9-4ED5-884A-AE3101533BA2}.Release|Any CPU.Build.0 = Release|Any CPU
	EndGlobalSection
	GlobalSection(SolutionProperties) = preSolution
		HideSolutionNode = FALSE
	EndGlobalSection
	GlobalSection(ExtensibilityGlobals) = postSolution
		SolutionGuid = {9D58EE33-696D-4E55-849F-6D3CC3C16A9A}
	EndGlobalSection
EndGlobal
